
Microsoft Visual Studio Solution File, Format Version 12.00
# Visual Studio 15
VisualStudioVersion = 15.0.27703.2026
MinimumVisualStudioVersion = 10.0.40219.1
Project("{FAE04EC0-301F-11D3-BF4B-00C04F79EFBC}") = "FightGame", "FightGame\FightGame.csproj", "{17137528-A659-47BA-A6CC-692B755453D1}"
EndProject
Global
	GlobalSection(SolutionConfigurationPlatforms) = preSolution
		Debug|Any CPU = Debug|Any CPU
		Release|Any CPU = Release|Any CPU
	EndGlobalSection
	GlobalSection(ProjectConfigurationPlatforms) = postSolution
		{17137528-A659-47BA-A6CC-692B755453D1}.Debug|Any CPU.ActiveCfg = Debug|Any CPU
		{17137528-A659-47BA-A6CC-692B755453D1}.Debug|Any CPU.Build.0 = Debug|Any CPU
		{17137528-A659-47BA-A6CC-692B755453D1}.Release|Any CPU.ActiveCfg = Release|Any CPU
		{17137528-A659-47BA-A6CC-692B755453D1}.Release|Any CPU.Build.0 = Release|Any CPU
	EndGlobalSection
	GlobalSection(SolutionProperties) = preSolution
		HideSolutionNode = FALSE
	EndGlobalSection
	GlobalSection(ExtensibilityGlobals) = postSolution
		SolutionGuid = {8330B1CA-C77D-4DA6-A64F-E168296A6A3B}
	EndGlobalSection
EndGlobal
